
Microsoft Visual Studio Solution File, Format Version 12.00
# Visual Studio 15
VisualStudioVersion = 15.0.28307.902
MinimumVisualStudioVersion = 10.0.40219.1
Project("{FAE04EC0-301F-11D3-BF4B-00C04F79EFBC}") = "ByteBank.SistemaAgencia", "ByteBank.SistemaAgencia\ByteBank.SistemaAgencia.csproj", "{BCEFABE0-65FD-4331-9D93-13485E79F6B3}"
EndProject
Global
	GlobalSection(SolutionConfigurationPlatforms) = preSolution
		Debug|Any CPU = Debug|Any CPU
		Release|Any CPU = Release|Any CPU
	EndGlobalSection
	GlobalSection(ProjectConfigurationPlatforms) = postSolution
		{BCEFABE0-65FD-4331-9D93-13485E79F6B3}.Debug|Any CPU.ActiveCfg = Debug|Any CPU
		{BCEFABE0-65FD-4331-9D93-13485E79F6B3}.Debug|Any CPU.Build.0 = Debug|Any CPU
		{BCEFABE0-65FD-4331-9D93-13485E79F6B3}.Release|Any CPU.ActiveCfg = Release|Any CPU
		{BCEFABE0-65FD-4331-9D93-13485E79F6B3}.Release|Any CPU.Build.0 = Release|Any CPU
	EndGlobalSection
	GlobalSection(SolutionProperties) = preSolution
		HideSolutionNode = FALSE
	EndGlobalSection
	GlobalSection(ExtensibilityGlobals) = postSolution
		SolutionGuid = {8C013DC4-F365-41AA-B76A-28F7A1B101DA}
	EndGlobalSection
EndGlobal
